{
  "name": "easy-rsvp",
  "lockfileVersion": 3,
  "requires": true,
  "packages": {
    "": {
      "name": "easy-rsvp",
      "dependencies": {
        "trix": "2.1.19"
      },
      "engines": {
        "node": ">=18"
      }
    },
    "node_modules/@types/trusted-types": {
      "version": "2.0.7",
      "resolved": "https://registry.npmjs.org/@types/trusted-types/-/trusted-types-2.0.7.tgz",
      "integrity": "sha512-ScaPdn1dQczgbl0QFTeTOmVHFULt394XJgOQNoyVhZ6r2vLnMLJfBPd53SB52T/3G36VI1/g2MZaX0cwDuXsfw==",
      "optional": true
    },
    "node_modules/dompurify": {
      "version": "3.4.15",
      "resolved": "https://registry.npmjs.org/dompurify/-/dompurify-3.4.15.tgz",
      "integrity": "sha512-EUBjM+B+lkDE41iE82DDSCfkoPGfXx8IxFxPMjNzm/Uk4xDet77rTN9wqlxlVg71kK7XGuUMv6wUxJUwwv+Xyw==",
      "optionalDependencies": {
        "@types/trusted-types": "^2.0.7"
      }
    },
    "node_modules/trix": {
      "version": "2.1.19",
      "resolved": "https://registry.npmjs.org/trix/-/trix-2.1.19.tgz",
      "integrity": "sha512-E7RA3EOeUiUwNJlrF5onIOkqCA06xUU6GmHOVxXyMnGMValrDK3Ce7uaMVgiVUOvVt4mzUERAHAzD10mxoLpOg==",
      "dependencies": {
        "dompurify": "^3.2.5"
      },
      "engines": {
        "node": ">= 18"
      }
    }
  }
}
